{
  "name": "template",
  "lockfileVersion": 2,
  "requires": true,
  "packages": {
    "": {
      "name": "template",
      "dependencies": {
        "@web3api/templates": "0.0.1-prealpha.70"
      }
    },
    "node_modules/@web3api/templates": {
      "version": "0.0.1-prealpha.70",
      "resolved": "https://registry.npmjs.org/@web3api/templates/-/templates-0.0.1-prealpha.70.tgz",
      "integrity": "sha512-muNcSCjmrS7muwHNoP0hW5Ci9W7jaTGlwE9ZGK+UI9NvGTWR4/eDwOnj5NDsop/55mlA+va6glLE/IoQom1UWQ=="
    }
  },
  "dependencies": {
    "@web3api/templates": {
      "version": "0.0.1-prealpha.70",
      "resolved": "https://registry.npmjs.org/@web3api/templates/-/templates-0.0.1-prealpha.70.tgz",
      "integrity": "sha512-muNcSCjmrS7muwHNoP0hW5Ci9W7jaTGlwE9ZGK+UI9NvGTWR4/eDwOnj5NDsop/55mlA+va6glLE/IoQom1UWQ=="
    }
  }
}
